
Microsoft Visual Studio Solution File, Format Version 12.00
# Visual Studio Version 17
VisualStudioVersion = 17.14.36511.14 d17.14
MinimumVisualStudioVersion = 10.0.40219.1
Project("{FAE04EC0-301F-11D3-BF4B-00C04F79EFBC}") = "Calculator 1", "Calculator 1\Calculator 1.csproj", "{615BBB36-53AC-4B43-87A2-DA88F1A9402E}"
EndProject
Global
	GlobalSection(SolutionConfigurationPlatforms) = preSolution
		Debug|Any CPU = Debug|Any CPU
		Release|Any CPU = Release|Any CPU
	EndGlobalSection
	GlobalSection(ProjectConfigurationPlatforms) = postSolution
		{615BBB36-53AC-4B43-87A2-DA88F1A9402E}.Debug|Any CPU.ActiveCfg = Debug|Any CPU
		{615BBB36-53AC-4B43-87A2-DA88F1A9402E}.Debug|Any CPU.Build.0 = Debug|Any CPU
		{615BBB36-53AC-4B43-87A2-DA88F1A9402E}.Release|Any CPU.ActiveCfg = Release|Any CPU
		{615BBB36-53AC-4B43-87A2-DA88F1A9402E}.Release|Any CPU.Build.0 = Release|Any CPU
	EndGlobalSection
	GlobalSection(SolutionProperties) = preSolution
		HideSolutionNode = FALSE
	EndGlobalSection
	GlobalSection(ExtensibilityGlobals) = postSolution
		SolutionGuid = {1C824BF9-4F4A-40B1-ABBF-3E05698F15D3}
	EndGlobalSection
EndGlobal
